
Microsoft Visual Studio Solution File, Format Version 12.00
# Visual Studio Version 16
VisualStudioVersion = 16.0.30621.155
MinimumVisualStudioVersion = 10.0.40219.1
Project("{FAE04EC0-301F-11D3-BF4B-00C04F79EFBC}") = "ReversibleStackTests", "ReversibleStackTests\ReversibleStackTests.csproj", "{99CFE2E4-E94C-40BC-BEE5-2357317F389C}"
EndProject
Project("{FAE04EC0-301F-11D3-BF4B-00C04F79EFBC}") = "ReversableStackApi", "ReversableStackApi\ReversableStackApi.csproj", "{28D1BA16-2A93-4533-A370-85E4D1C50896}"
EndProject
Global
	GlobalSection(SolutionConfigurationPlatforms) = preSolution
		Debug|Any CPU = Debug|Any CPU
		Release|Any CPU = Release|Any CPU
	EndGlobalSection
	GlobalSection(ProjectConfigurationPlatforms) = postSolution
		{99CFE2E4-E94C-40BC-BEE5-2357317F389C}.Debug|Any CPU.ActiveCfg = Debug|Any CPU
		{99CFE2E4-E94C-40BC-BEE5-2357317F389C}.Debug|Any CPU.Build.0 = Debug|Any CPU
		{99CFE2E4-E94C-40BC-BEE5-2357317F389C}.Release|Any CPU.ActiveCfg = Release|Any CPU
		{99CFE2E4-E94C-40BC-BEE5-2357317F389C}.Release|Any CPU.Build.0 = Release|Any CPU
		{28D1BA16-2A93-4533-A370-85E4D1C50896}.Debug|Any CPU.ActiveCfg = Debug|Any CPU
		{28D1BA16-2A93-4533-A370-85E4D1C50896}.Debug|Any CPU.Build.0 = Debug|Any CPU
		{28D1BA16-2A93-4533-A370-85E4D1C50896}.Release|Any CPU.ActiveCfg = Release|Any CPU
		{28D1BA16-2A93-4533-A370-85E4D1C50896}.Release|Any CPU.Build.0 = Release|Any CPU
	EndGlobalSection
	GlobalSection(SolutionProperties) = preSolution
		HideSolutionNode = FALSE
	EndGlobalSection
	GlobalSection(ExtensibilityGlobals) = postSolution
		SolutionGuid = {11154DE4-F217-4DE1-8950-F90D7378A963}
	EndGlobalSection
EndGlobal
